<?xml version="1.0" encoding="UTF-8" standalone="yes" ?>
<CodeBlocks_project_file>
	<FileVersion major="1" minor="6" />
	<Project>
		<Option title="spaghetti" />
		<Option pch_mode="2" />
		<Option compiler="gcc" />
		<Build>
			<Target title="Release">
				<Option output="bin/Release/spaghetti" prefix_auto="1" extension_auto="1" />
				<Option object_output="obj/Release/" />
				<Option type="1" />
				<Option compiler="gcc" />
				<Compiler>
					<Add option="-O2" />
					<Add option="-DSPAG_USE_SIGNALS" />
				</Compiler>
				<Linker>
					<Add option="-s" />
				</Linker>
			</Target>
		</Build>
		<Compiler>
			<Add option="-Wall" />
		</Compiler>
		<Unit filename="CHANGELOG" />
		<Unit filename="Makefile" />
		<Unit filename="README.md" />
		<Unit filename="docs/spaghetti_changelog.md" />
		<Unit filename="docs/spaghetti_faq.md" />
		<Unit filename="docs/spaghetti_inner_events.md" />
		<Unit filename="docs/spaghetti_manual.md" />
		<Unit filename="docs/spaghetti_options.md" />
		<Unit filename="docs/spaghetti_roadmap.md" />
		<Unit filename="doxyfile" />
		<Unit filename="spaghetti.hpp" />
		<Unit filename="src/doxyfile" />
		<Unit filename="src/sample1.dot" />
		<Unit filename="src/sample_0.cpp" />
		<Unit filename="src/sample_1.cpp" />
		<Unit filename="src/sample_1b.cpp" />
		<Unit filename="src/sample_2.cpp" />
		<Unit filename="src/sample_3.cpp" />
		<Unit filename="src/sample_3b.cpp" />
		<Unit filename="src/sample_3c.cpp" />
		<Unit filename="src/spaghetti.css" />
		<Unit filename="src/traffic_lights_1.cpp" />
		<Unit filename="src/traffic_lights_1b.cpp" />
		<Unit filename="src/traffic_lights_1c.cpp" />
		<Unit filename="src/traffic_lights_2.cpp" />
		<Unit filename="src/traffic_lights_3.cpp" />
		<Unit filename="src/traffic_lights_client.cpp" />
		<Unit filename="src/traffic_lights_common.hpp" />
		<Unit filename="src/turnstyle_1.cpp" />
		<Unit filename="src/turnstyle_2.cpp" />
		<Unit filename="src/udp_server.hpp" />
		<Unit filename="tests/bad_configs.cpp" />
		<Unit filename="tests/test_2.cpp" />
		<Unit filename="tests/test_3.cpp" />
		<Extensions>
			<envvars />
			<code_completion />
			<lib_finder disable_auto="1" />
			<debugger />
		</Extensions>
	</Project>
</CodeBlocks_project_file>
